
Microsoft Visual Studio Solution File, Format Version 12.00
# Visual Studio Version 17
VisualStudioVersion = 17.9.34701.34
MinimumVisualStudioVersion = 10.0.40219.1
Project("{8BC9CEB8-8B4A-11D0-8D11-00A0C91BC942}") = "paradigma", "paradigma\paradigma.vcxproj", "{C5C2E967-025C-43B7-9016-491A3A78E93B}"
EndProject
Project("{8BC9CEB8-8B4A-11D0-8D11-00A0C91BC942}") = "encapsulation", "encapsulation\encapsulation.vcxproj", "{FE42E4BB-71C2-413C-9D46-40BE6B485152}"
EndProject
Project("{8BC9CEB8-8B4A-11D0-8D11-00A0C91BC942}") = "finalspecifier", "finalspecifier\finalspecifier.vcxproj", "{36AEADBD-EA6F-4F4B-90AC-8932BFB03420}"
EndProject
Project("{8BC9CEB8-8B4A-11D0-8D11-00A0C91BC942}") = "ConsoleApplication1", "ConsoleApplication1\ConsoleApplication1.vcxproj", "{CE9296DA-5A9B-4FDE-A6A4-62324E2600A9}"
EndProject
Global
	GlobalSection(SolutionConfigurationPlatforms) = preSolution
		Debug|x64 = Debug|x64
		Debug|x86 = Debug|x86
		Release|x64 = Release|x64
		Release|x86 = Release|x86
	EndGlobalSection
	GlobalSection(ProjectConfigurationPlatforms) = postSolution
		{C5C2E967-025C-43B7-9016-491A3A78E93B}.Debug|x64.ActiveCfg = Debug|x64
		{C5C2E967-025C-43B7-9016-491A3A78E93B}.Debug|x64.Build.0 = Debug|x64
		{C5C2E967-025C-43B7-9016-491A3A78E93B}.Debug|x86.ActiveCfg = Debug|Win32
		{C5C2E967-025C-43B7-9016-491A3A78E93B}.Debug|x86.Build.0 = Debug|Win32
		{C5C2E967-025C-43B7-9016-491A3A78E93B}.Release|x64.ActiveCfg = Release|x64
		{C5C2E967-025C-43B7-9016-491A3A78E93B}.Release|x64.Build.0 = Release|x64
		{C5C2E967-025C-43B7-9016-491A3A78E93B}.Release|x86.ActiveCfg = Release|Win32
		{C5C2E967-025C-43B7-9016-491A3A78E93B}.Release|x86.Build.0 = Release|Win32
		{FE42E4BB-71C2-413C-9D46-40BE6B485152}.Debug|x64.ActiveCfg = Debug|x64
		{FE42E4BB-71C2-413C-9D46-40BE6B485152}.Debug|x64.Build.0 = Debug|x64
		{FE42E4BB-71C2-413C-9D46-40BE6B485152}.Debug|x86.ActiveCfg = Debug|Win32
		{FE42E4BB-71C2-413C-9D46-40BE6B485152}.Debug|x86.Build.0 = Debug|Win32
		{FE42E4BB-71C2-413C-9D46-40BE6B485152}.Release|x64.ActiveCfg = Release|x64
		{FE42E4BB-71C2-413C-9D46-40BE6B485152}.Release|x64.Build.0 = Release|x64
		{FE42E4BB-71C2-413C-9D46-40BE6B485152}.Release|x86.ActiveCfg = Release|Win32
		{FE42E4BB-71C2-413C-9D46-40BE6B485152}.Release|x86.Build.0 = Release|Win32
		{36AEADBD-EA6F-4F4B-90AC-8932BFB03420}.Debug|x64.ActiveCfg = Debug|x64
		{36AEADBD-EA6F-4F4B-90AC-8932BFB03420}.Debug|x64.Build.0 = Debug|x64
		{36AEADBD-EA6F-4F4B-90AC-8932BFB03420}.Debug|x86.ActiveCfg = Debug|Win32
		{36AEADBD-EA6F-4F4B-90AC-8932BFB03420}.Debug|x86.Build.0 = Debug|Win32
		{36AEADBD-EA6F-4F4B-90AC-8932BFB03420}.Release|x64.ActiveCfg = Release|x64
		{36AEADBD-EA6F-4F4B-90AC-8932BFB03420}.Release|x64.Build.0 = Release|x64
		{36AEADBD-EA6F-4F4B-90AC-8932BFB03420}.Release|x86.ActiveCfg = Release|Win32
		{36AEADBD-EA6F-4F4B-90AC-8932BFB03420}.Release|x86.Build.0 = Release|Win32
		{CE9296DA-5A9B-4FDE-A6A4-62324E2600A9}.Debug|x64.ActiveCfg = Debug|x64
		{CE9296DA-5A9B-4FDE-A6A4-62324E2600A9}.Debug|x64.Build.0 = Debug|x64
		{CE9296DA-5A9B-4FDE-A6A4-62324E2600A9}.Debug|x86.ActiveCfg = Debug|Win32
		{CE9296DA-5A9B-4FDE-A6A4-62324E2600A9}.Debug|x86.Build.0 = Debug|Win32
		{CE9296DA-5A9B-4FDE-A6A4-62324E2600A9}.Release|x64.ActiveCfg = Release|x64
		{CE9296DA-5A9B-4FDE-A6A4-62324E2600A9}.Release|x64.Build.0 = Release|x64
		{CE9296DA-5A9B-4FDE-A6A4-62324E2600A9}.Release|x86.ActiveCfg = Release|Win32
		{CE9296DA-5A9B-4FDE-A6A4-62324E2600A9}.Release|x86.Build.0 = Release|Win32
	EndGlobalSection
	GlobalSection(SolutionProperties) = preSolution
		HideSolutionNode = FALSE
	EndGlobalSection
	GlobalSection(ExtensibilityGlobals) = postSolution
		SolutionGuid = {72677DDC-85A0-4B56-951C-DF125CF6376B}
	EndGlobalSection
EndGlobal
